{
    "_readme": [
        "This file locks the dependencies of your project to a known state",
        "Read more about it at https://getcomposer.org/doc/01-basic-usage.md#installing-dependencies",
        "This file is @generated automatically"
    ],
    "content-hash": "5c532ce44f8069f950b851fbee4071ea",
    "packages": [
        {
            "name": "gettext/gettext",
            "version": "v5.5.4",
            "source": {
                "type": "git",
                "url": "https://github.com/php-gettext/Gettext.git",
                "reference": "77baf40326b4eac0230cd11ee75680969dcbe72a"
            },
            "dist": {
                "type": "zip",
                "url": "https://api.github.com/repos/php-gettext/Gettext/zipball/77baf40326b4eac0230cd11ee75680969dcbe72a",
                "reference": "77baf40326b4eac0230cd11ee75680969dcbe72a",
                "shasum": ""
            },
            "require": {
                "gettext/languages": "^2.3",
                "php": "^7.2|^8.0"
            },
            "require-dev": {
                "brick/varexporter": "^0.2.1",
                "friendsofphp/php-cs-fixer": "^2.15",
                "oscarotero/php-cs-fixer-config": "^1.0",
                "phpunit/phpunit": "^8.0",
                "squizlabs/php_codesniffer": "^3.0"
            },
            "type": "library",
            "autoload": {
                "psr-4": {
                    "Gettext\\": "src"
                }
            },
            "notification-url": "https://packagist.org/downloads/",
            "license": [
                "MIT"
            ],
            "authors": [
                {
                    "name": "Oscar Otero",
                    "email": "oom@oscarotero.com",
                    "homepage": "http://oscarotero.com",
                    "role": "Developer"
                }
            ],
            "description": "PHP gettext manager",
            "homepage": "https://github.com/php-gettext/Gettext",
            "keywords": [
                "JS",
                "gettext",
                "i18n",
                "mo",
                "po",
                "translation"
            ],
            "support": {
                "email": "oom@oscarotero.com",
                "issues": "https://github.com/php-gettext/Gettext/issues",
                "source": "https://github.com/php-gettext/Gettext/tree/v5.5.4"
            },
            "time": "2020-12-20T13:37:30+00:00"
        },
        {
            "name": "gettext/languages",
            "version": "2.8.1",
            "source": {
                "type": "git",
                "url": "https://github.com/php-gettext/Languages.git",
                "reference": "4ad818b6341e177b7c508ec4c37e18932a7b788a"
            },
            "dist": {
                "type": "zip",
                "url": "https://api.github.com/repos/php-gettext/Languages/zipball/4ad818b6341e177b7c508ec4c37e18932a7b788a",
                "reference": "4ad818b6341e177b7c508ec4c37e18932a7b788a",
                "shasum": ""
            },
            "require": {
                "php": ">=5.3"
            },
            "require-dev": {
                "phpunit/phpunit": "^4.8 || ^5.7 || ^6.5 || ^7.5 || ^8.4"
            },
            "bin": [
                "bin/export-plural-rules"
            ],
            "type": "library",
            "autoload": {
                "psr-4": {
                    "Gettext\\Languages\\": "src/"
                }
            },
            "notification-url": "https://packagist.org/downloads/",
            "license": [
                "MIT"
            ],
            "authors": [
                {
                    "name": "Michele Locati",
                    "email": "mlocati@gmail.com",
                    "role": "Developer"
                }
            ],
            "description": "gettext languages with plural rules",
            "homepage": "https://github.com/php-gettext/Languages",
            "keywords": [
                "cldr",
                "i18n",
                "internationalization",
                "l10n",
                "language",
                "languages",
                "localization",
                "php",
                "plural",
                "plural rules",
                "plurals",
                "translate",
                "translations",
                "unicode"
            ],
            "support": {
                "issues": "https://github.com/php-gettext/Languages/issues",
                "source": "https://github.com/php-gettext/Languages/tree/2.8.1"
            },
            "funding": [
                {
                    "url": "https://paypal.me/mlocati",
                    "type": "custom"
                },
                {
                    "url": "https://github.com/mlocati",
                    "type": "github"
                }
            ],
            "time": "2021-07-14T15:03:58+00:00"
        }
    ],
    "packages-dev": [],
    "aliases": [],
    "minimum-stability": "stable",
    "stability-flags": [],
    "prefer-stable": false,
    "prefer-lowest": false,
    "platform": [],
    "platform-dev": [],
    "plugin-api-version": "2.0.0"
}
